
Microsoft Visual Studio Solution File, Format Version 12.00
# Visual Studio Version 17
VisualStudioVersion = 17.4.33205.214
MinimumVisualStudioVersion = 10.0.40219.1
Project("{9A19103F-16F7-4668-BE54-9A1E7A4F7556}") = "ResourceAPI", "ResourceAPI.csproj", "{98716E82-EF39-4F3B-A80B-871BBC07B381}"
EndProject
Project("{9A19103F-16F7-4668-BE54-9A1E7A4F7556}") = "Authorization", "..\Authorization\Authorization.csproj", "{65C769E6-0AC9-4B60-8550-35FB29EE2F4D}"
EndProject
Project("{9A19103F-16F7-4668-BE54-9A1E7A4F7556}") = "Auth.EntityFramework.Storage", "..\Auth.EntityFramework.Storage\Auth.EntityFramework.Storage.csproj", "{581B02C4-DC7E-4FA2-B765-F6EAD8D4F740}"
EndProject
Project("{9A19103F-16F7-4668-BE54-9A1E7A4F7556}") = "Auth.EntityServer", "..\Auth.EntityServer\Auth.EntityServer.csproj", "{3FD4C478-EADC-480B-9943-E30CFDCE8B6B}"
EndProject
Project("{9A19103F-16F7-4668-BE54-9A1E7A4F7556}") = "IdentityServerCore", "..\IdentityServerCore\IdentityServerCore.csproj", "{FFF958D2-1276-4010-879F-42890B064C63}"
EndProject
Project("{9A19103F-16F7-4668-BE54-9A1E7A4F7556}") = "IdentityServerCore.Storage", "..\IdentityServerCore.Storage\IdentityServerCore.Storage.csproj", "{80B4ED5E-6043-4406-A688-1B3E468FD4D1}"
EndProject
Project("{9A19103F-16F7-4668-BE54-9A1E7A4F7556}") = "AspNetIdentity", "..\AspNetIdentity\AspNetIdentity.csproj", "{D4993F68-255E-41E5-A177-2EBC18E3CDF2}"
EndProject
Project("{9A19103F-16F7-4668-BE54-9A1E7A4F7556}") = "BlazorClient", "..\BlazorClient\BlazorClient.csproj", "{227A0518-637A-4215-A266-37D666A48610}"
EndProject
Global
	GlobalSection(SolutionConfigurationPlatforms) = preSolution
		Debug|Any CPU = Debug|Any CPU
		Release|Any CPU = Release|Any CPU
	EndGlobalSection
	GlobalSection(ProjectConfigurationPlatforms) = postSolution
		{98716E82-EF39-4F3B-A80B-871BBC07B381}.Debug|Any CPU.ActiveCfg = Debug|Any CPU
		{98716E82-EF39-4F3B-A80B-871BBC07B381}.Debug|Any CPU.Build.0 = Debug|Any CPU
		{98716E82-EF39-4F3B-A80B-871BBC07B381}.Release|Any CPU.ActiveCfg = Release|Any CPU
		{98716E82-EF39-4F3B-A80B-871BBC07B381}.Release|Any CPU.Build.0 = Release|Any CPU
		{65C769E6-0AC9-4B60-8550-35FB29EE2F4D}.Debug|Any CPU.ActiveCfg = Debug|Any CPU
		{65C769E6-0AC9-4B60-8550-35FB29EE2F4D}.Debug|Any CPU.Build.0 = Debug|Any CPU
		{65C769E6-0AC9-4B60-8550-35FB29EE2F4D}.Release|Any CPU.ActiveCfg = Release|Any CPU
		{65C769E6-0AC9-4B60-8550-35FB29EE2F4D}.Release|Any CPU.Build.0 = Release|Any CPU
		{581B02C4-DC7E-4FA2-B765-F6EAD8D4F740}.Debug|Any CPU.ActiveCfg = Debug|Any CPU
		{581B02C4-DC7E-4FA2-B765-F6EAD8D4F740}.Debug|Any CPU.Build.0 = Debug|Any CPU
		{581B02C4-DC7E-4FA2-B765-F6EAD8D4F740}.Release|Any CPU.ActiveCfg = Release|Any CPU
		{581B02C4-DC7E-4FA2-B765-F6EAD8D4F740}.Release|Any CPU.Build.0 = Release|Any CPU
		{3FD4C478-EADC-480B-9943-E30CFDCE8B6B}.Debug|Any CPU.ActiveCfg = Debug|Any CPU
		{3FD4C478-EADC-480B-9943-E30CFDCE8B6B}.Debug|Any CPU.Build.0 = Debug|Any CPU
		{3FD4C478-EADC-480B-9943-E30CFDCE8B6B}.Release|Any CPU.ActiveCfg = Release|Any CPU
		{3FD4C478-EADC-480B-9943-E30CFDCE8B6B}.Release|Any CPU.Build.0 = Release|Any CPU
		{FFF958D2-1276-4010-879F-42890B064C63}.Debug|Any CPU.ActiveCfg = Debug|Any CPU
		{FFF958D2-1276-4010-879F-42890B064C63}.Debug|Any CPU.Build.0 = Debug|Any CPU
		{FFF958D2-1276-4010-879F-42890B064C63}.Release|Any CPU.ActiveCfg = Release|Any CPU
		{FFF958D2-1276-4010-879F-42890B064C63}.Release|Any CPU.Build.0 = Release|Any CPU
		{80B4ED5E-6043-4406-A688-1B3E468FD4D1}.Debug|Any CPU.ActiveCfg = Debug|Any CPU
		{80B4ED5E-6043-4406-A688-1B3E468FD4D1}.Debug|Any CPU.Build.0 = Debug|Any CPU
		{80B4ED5E-6043-4406-A688-1B3E468FD4D1}.Release|Any CPU.ActiveCfg = Release|Any CPU
		{80B4ED5E-6043-4406-A688-1B3E468FD4D1}.Release|Any CPU.Build.0 = Release|Any CPU
		{D4993F68-255E-41E5-A177-2EBC18E3CDF2}.Debug|Any CPU.ActiveCfg = Debug|Any CPU
		{D4993F68-255E-41E5-A177-2EBC18E3CDF2}.Debug|Any CPU.Build.0 = Debug|Any CPU
		{D4993F68-255E-41E5-A177-2EBC18E3CDF2}.Release|Any CPU.ActiveCfg = Release|Any CPU
		{D4993F68-255E-41E5-A177-2EBC18E3CDF2}.Release|Any CPU.Build.0 = Release|Any CPU
		{227A0518-637A-4215-A266-37D666A48610}.Debug|Any CPU.ActiveCfg = Debug|Any CPU
		{227A0518-637A-4215-A266-37D666A48610}.Debug|Any CPU.Build.0 = Debug|Any CPU
		{227A0518-637A-4215-A266-37D666A48610}.Release|Any CPU.ActiveCfg = Release|Any CPU
		{227A0518-637A-4215-A266-37D666A48610}.Release|Any CPU.Build.0 = Release|Any CPU
	EndGlobalSection
	GlobalSection(SolutionProperties) = preSolution
		HideSolutionNode = FALSE
	EndGlobalSection
	GlobalSection(ExtensibilityGlobals) = postSolution
		SolutionGuid = {41499BB2-225C-421C-B5A7-4F4235E89E27}
	EndGlobalSection
EndGlobal
